{
  "name": "camswords-build-light",
  "version": "0.0.1",
  "dependencies": {
    "lodash": {
      "version": "2.4.1",
      "from": "lodash@2.4.1",
      "resolved": "https://registry.npmjs.org/lodash/-/lodash-2.4.1.tgz"
    },
    "moment-timezone": {
      "version": "0.3.1",
      "from": "moment-timezone@*",
      "resolved": "https://registry.npmjs.org/moment-timezone/-/moment-timezone-0.3.1.tgz",
      "dependencies": {
        "moment": {
          "version": "2.10.2",
          "from": "moment@>=2.6.0",
          "resolved": "https://registry.npmjs.org/moment/-/moment-2.10.2.tgz"
        }
      }
    },
    "q": {
      "version": "1.1.1",
      "from": "q@1.1.1",
      "resolved": "https://registry.npmjs.org/q/-/q-1.1.1.tgz"
    },
    "restler": {
      "version": "3.2.2",
      "from": "restler@3.2.2",
      "resolved": "https://registry.npmjs.org/restler/-/restler-3.2.2.tgz",
      "dependencies": {
        "qs": {
          "version": "0.6.6",
          "from": "qs@0.6.6",
          "resolved": "https://registry.npmjs.org/qs/-/qs-0.6.6.tgz"
        },
        "xml2js": {
          "version": "0.4.0",
          "from": "xml2js@0.4.0",
          "resolved": "https://registry.npmjs.org/xml2js/-/xml2js-0.4.0.tgz",
          "dependencies": {
            "sax": {
              "version": "0.5.8",
              "from": "sax@0.5.8",
              "resolved": "https://registry.npmjs.org/sax/-/sax-0.5.8.tgz"
            },
            "xmlbuilder": {
              "version": "2.4.5",
              "from": "xmlbuilder@2.4.5",
              "resolved": "https://registry.npmjs.org/xmlbuilder/-/xmlbuilder-2.4.5.tgz",
              "dependencies": {
                "lodash-node": {
                  "version": "2.4.1",
                  "from": "lodash-node@2.4.1",
                  "resolved": "https://registry.npmjs.org/lodash-node/-/lodash-node-2.4.1.tgz"
                }
              }
            }
          }
        },
        "yaml": {
          "version": "0.2.3",
          "from": "yaml@0.2.3",
          "resolved": "https://registry.npmjs.org/yaml/-/yaml-0.2.3.tgz"
        },
        "iconv-lite": {
          "version": "0.2.11",
          "from": "iconv-lite@0.2.11",
          "resolved": "https://registry.npmjs.org/iconv-lite/-/iconv-lite-0.2.11.tgz"
        }
      }
    }
  }
}
